
Microsoft Visual Studio Solution File, Format Version 12.00
# Visual Studio 15
VisualStudioVersion = 15.0.28307.168
MinimumVisualStudioVersion = 10.0.40219.1
Project("{FAE04EC0-301F-11D3-BF4B-00C04F79EFBC}") = "DI.API", "DI.API\DI.API.csproj", "{8170BA88-3DEA-4D42-89EF-5794FEB07C09}"
EndProject
Project("{FAE04EC0-301F-11D3-BF4B-00C04F79EFBC}") = "DI.Services", "DI.Services\DI.Services.csproj", "{6EED5C87-9F3E-4FF0-A6A2-0F3F714B45DF}"
EndProject
Global
	GlobalSection(SolutionConfigurationPlatforms) = preSolution
		Debug|Any CPU = Debug|Any CPU
		Release|Any CPU = Release|Any CPU
	EndGlobalSection
	GlobalSection(ProjectConfigurationPlatforms) = postSolution
		{8170BA88-3DEA-4D42-89EF-5794FEB07C09}.Debug|Any CPU.ActiveCfg = Debug|Any CPU
		{8170BA88-3DEA-4D42-89EF-5794FEB07C09}.Debug|Any CPU.Build.0 = Debug|Any CPU
		{8170BA88-3DEA-4D42-89EF-5794FEB07C09}.Release|Any CPU.ActiveCfg = Release|Any CPU
		{8170BA88-3DEA-4D42-89EF-5794FEB07C09}.Release|Any CPU.Build.0 = Release|Any CPU
		{6EED5C87-9F3E-4FF0-A6A2-0F3F714B45DF}.Debug|Any CPU.ActiveCfg = Debug|Any CPU
		{6EED5C87-9F3E-4FF0-A6A2-0F3F714B45DF}.Debug|Any CPU.Build.0 = Debug|Any CPU
		{6EED5C87-9F3E-4FF0-A6A2-0F3F714B45DF}.Release|Any CPU.ActiveCfg = Release|Any CPU
		{6EED5C87-9F3E-4FF0-A6A2-0F3F714B45DF}.Release|Any CPU.Build.0 = Release|Any CPU
	EndGlobalSection
	GlobalSection(SolutionProperties) = preSolution
		HideSolutionNode = FALSE
	EndGlobalSection
	GlobalSection(ExtensibilityGlobals) = postSolution
		SolutionGuid = {5E7908A0-0EBD-4570-AEFC-5061AD148C5B}
	EndGlobalSection
EndGlobal
